PODS:
  - Alamofire (5.2.2)
  - SwiftRichString (3.7.2)
  - TinyConstraints (4.0.1)

DEPENDENCIES:
  - Alamofire
  - SwiftRichString
  - TinyConstraints

SPEC REPOS:
  trunk:
    - Alamofire
    - SwiftRichString
    - TinyConstraints

SPEC CHECKSUMS:
  Alamofire: 814429acc853c6c54ff123fc3d2ef66803823ce0
  SwiftRichString: d61b807db1f8834c26fee92b6dd3e1be2dc5af03
  TinyConstraints: 8dd91295e56797648c7bc335dd20e1d91ec4c192

PODFILE CHECKSUM: e86113c0316a796ab3f3137bed2c783b9b5ade7c

COCOAPODS: 1.9.2
