// !$*UTF8*$!
{
	archiveVersion = 1;
	classes = {
	};
	objectVersion = 50;
	objects = {

/* Begin PBXBuildFile section */
		3C16FAE7A97216CA081D80CB /* libPods-RecyclingStarter.a in Frameworks */ = {isa = PBXBuildFile; fileRef = 4BD78D78AD35C9A839181205 /* libPods-RecyclingStarter.a */; };
		BA0AF89D24DEEC9800F27395 /* Debounce.swift in Sources */ = {isa = PBXBuildFile; fileRef = BA0AF89C24DEEC9800F27395 /* Debounce.swift */; };
		BA0AF89F24DF6A0900F27395 /* EmployeeServices.swift in Sources */ = {isa = PBXBuildFile; fileRef = BA0AF89E24DF6A0900F27395 /* EmployeeServices.swift */; };
		BA0AF8A124DF6ACE00F27395 /* Box.swift in Sources */ = {isa = PBXBuildFile; fileRef = BA0AF8A024DF6ACE00F27395 /* Box.swift */; };
		BAB8F1B624D21B2E00F6E5B7 /* AppImage.swift in Sources */ = {isa = PBXBuildFile; fileRef = BAB8F1B524D21B2E00F6E5B7 /* AppImage.swift */; };
		BAB8F1B824D22E8400F6E5B7 /* UITextFeild.swift in Sources */ = {isa = PBXBuildFile; fileRef = BAB8F1B724D22E8400F6E5B7 /* UITextFeild.swift */; };
		BAB8F1BA24D3607500F6E5B7 /* Router.swift in Sources */ = {isa = PBXBuildFile; fileRef = BAB8F1B924D3607500F6E5B7 /* Router.swift */; };
		BAB8F1CC24D3638E00F6E5B7 /* CoreDataManager.swift in Sources */ = {isa = PBXBuildFile; fileRef = BAB8F1CB24D3638E00F6E5B7 /* CoreDataManager.swift */; };
		BAB8F1D124D36B8200F6E5B7 /* LocalStorageServices.swift in Sources */ = {isa = PBXBuildFile; fileRef = BAB8F1D024D36B8200F6E5B7 /* LocalStorageServices.swift */; };
		BAB8F1D324D370FF00F6E5B7 /* User.swift in Sources */ = {isa = PBXBuildFile; fileRef = BAB8F1D224D370FF00F6E5B7 /* User.swift */; };
		BAB8F1D624D37BC000F6E5B7 /* UserInfo+CoreDataClass.swift in Sources */ = {isa = PBXBuildFile; fileRef = BAB8F1D424D37BC000F6E5B7 /* UserInfo+CoreDataClass.swift */; };
		BAB8F1D724D37BC000F6E5B7 /* UserInfo+CoreDataProperties.swift in Sources */ = {isa = PBXBuildFile; fileRef = BAB8F1D524D37BC000F6E5B7 /* UserInfo+CoreDataProperties.swift */; };
		BAB8F1D924D38A1B00F6E5B7 /* LoadScreenViewController.swift in Sources */ = {isa = PBXBuildFile; fileRef = BAB8F1D824D38A1B00F6E5B7 /* LoadScreenViewController.swift */; };
		BAC05C2524CCB40900EBB2AE /* AppDelegate.swift in Sources */ = {isa = PBXBuildFile; fileRef = BAC05C2424CCB40900EBB2AE /* AppDelegate.swift */; };
		BAC05C2724CCB40900EBB2AE /* SceneDelegate.swift in Sources */ = {isa = PBXBuildFile; fileRef = BAC05C2624CCB40900EBB2AE /* SceneDelegate.swift */; };
		BAC05C2F24CCB40900EBB2AE /* RecyclingStarter.xcdatamodeld in Sources */ = {isa = PBXBuildFile; fileRef = BAC05C2D24CCB40900EBB2AE /* RecyclingStarter.xcdatamodeld */; };
		BAC05C3124CCB40B00EBB2AE /* Assets.xcassets in Resources */ = {isa = PBXBuildFile; fileRef = BAC05C3024CCB40B00EBB2AE /* Assets.xcassets */; };
		BAC05C3424CCB40B00EBB2AE /* LaunchScreen.storyboard in Resources */ = {isa = PBXBuildFile; fileRef = BAC05C3224CCB40B00EBB2AE /* LaunchScreen.storyboard */; };
		BAC05C4124CCB47A00EBB2AE /* Exo2-SemiBold.ttf in Resources */ = {isa = PBXBuildFile; fileRef = BAC05C3D24CCB47A00EBB2AE /* Exo2-SemiBold.ttf */; };
		BAC05C4224CCB47A00EBB2AE /* Exo2-Bold.ttf in Resources */ = {isa = PBXBuildFile; fileRef = BAC05C3E24CCB47A00EBB2AE /* Exo2-Bold.ttf */; };
		BAC05C4324CCB47A00EBB2AE /* Exo2-Regular.ttf in Resources */ = {isa = PBXBuildFile; fileRef = BAC05C3F24CCB47A00EBB2AE /* Exo2-Regular.ttf */; };
		BAC05C4424CCB47A00EBB2AE /* Exo2-Medium.ttf in Resources */ = {isa = PBXBuildFile; fileRef = BAC05C4024CCB47A00EBB2AE /* Exo2-Medium.ttf */; };
		BAC05C5224CCB9B800EBB2AE /* AppFont.swift in Sources */ = {isa = PBXBuildFile; fileRef = BAC05C5124CCB9B800EBB2AE /* AppFont.swift */; };
		BAC05C5424CCB9F000EBB2AE /* CoreAssemby.swift in Sources */ = {isa = PBXBuildFile; fileRef = BAC05C5324CCB9F000EBB2AE /* CoreAssemby.swift */; };
		BAC05C5824CCBA1F00EBB2AE /* ViewAssembly.swift in Sources */ = {isa = PBXBuildFile; fileRef = BAC05C5724CCBA1F00EBB2AE /* ViewAssembly.swift */; };
		BAC05C5B24CCBA5A00EBB2AE /* UIUnderlinedTextField.swift in Sources */ = {isa = PBXBuildFile; fileRef = BAC05C5A24CCBA5A00EBB2AE /* UIUnderlinedTextField.swift */; };
		BAC05C5D24CCBA6F00EBB2AE /* RegisterViewController.swift in Sources */ = {isa = PBXBuildFile; fileRef = BAC05C5C24CCBA6F00EBB2AE /* RegisterViewController.swift */; };
		BAC05C5F24CCBA7A00EBB2AE /* ServiceAssembly.swift in Sources */ = {isa = PBXBuildFile; fileRef = BAC05C5E24CCBA7A00EBB2AE /* ServiceAssembly.swift */; };
		BAC05C6124CCBD2300EBB2AE /* AuthViewController.swift in Sources */ = {isa = PBXBuildFile; fileRef = BAC05C6024CCBD2300EBB2AE /* AuthViewController.swift */; };
		BAC05C6324CCBD9200EBB2AE /* AppColor.swift in Sources */ = {isa = PBXBuildFile; fileRef = BAC05C6224CCBD9200EBB2AE /* AppColor.swift */; };
		BAC05C6724CCE3DB00EBB2AE /* NetworkService.swift in Sources */ = {isa = PBXBuildFile; fileRef = BAC05C6624CCE3DB00EBB2AE /* NetworkService.swift */; };
		BAC05C6924CCE62C00EBB2AE /* AuthServices.swift in Sources */ = {isa = PBXBuildFile; fileRef = BAC05C6824CCE62C00EBB2AE /* AuthServices.swift */; };
		BAC05C6D24CE2C5400EBB2AE /* EmployeeViewController.swift in Sources */ = {isa = PBXBuildFile; fileRef = BAC05C6C24CE2C5400EBB2AE /* EmployeeViewController.swift */; };
		BADB018924E36D54004AC43E /* UILabelExtension.swift in Sources */ = {isa = PBXBuildFile; fileRef = BADB018824E36D54004AC43E /* UILabelExtension.swift */; };
		BADB018D24E6C5EB004AC43E /* AccountService.swift in Sources */ = {isa = PBXBuildFile; fileRef = BADB018C24E6C5EB004AC43E /* AccountService.swift */; };
		BADB018F24E6C614004AC43E /* AccoutnProtocol.swift in Sources */ = {isa = PBXBuildFile; fileRef = BADB018E24E6C614004AC43E /* AccoutnProtocol.swift */; };
		BADB019124E6C646004AC43E /* BoxInteractionServices.swift in Sources */ = {isa = PBXBuildFile; fileRef = BADB019024E6C646004AC43E /* BoxInteractionServices.swift */; };
		BADB019324E6C653004AC43E /* BoxInteractionProtocol.swift in Sources */ = {isa = PBXBuildFile; fileRef = BADB019224E6C653004AC43E /* BoxInteractionProtocol.swift */; };
		BAF260D624D78A1C001FF381 /* UIWindowExtension.swift in Sources */ = {isa = PBXBuildFile; fileRef = BAF260D524D78A1C001FF381 /* UIWindowExtension.swift */; };
/* End PBXBuildFile section */

/* Begin PBXFileReference section */
		09DF9F4128CF454E31BC103E /* Pods-RecyclingStarter.debug.xcconfig */ = {isa = PBXFileReference; includeInIndex = 1; lastKnownFileType = text.xcconfig; name = "Pods-RecyclingStarter.debug.xcconfig"; path = "Target Support Files/Pods-RecyclingStarter/Pods-RecyclingStarter.debug.xcconfig"; sourceTree = "<group>"; };
		4BD78D78AD35C9A839181205 /* libPods-RecyclingStarter.a */ = {isa = PBXFileReference; explicitFileType = archive.ar; includeInIndex = 0; path = "libPods-RecyclingStarter.a"; sourceTree = BUILT_PRODUCTS_DIR; };
		7664693B75F2AB51684A7557 /* Pods-RecyclingStarter.release.xcconfig */ = {isa = PBXFileReference; includeInIndex = 1; lastKnownFileType = text.xcconfig; name = "Pods-RecyclingStarter.release.xcconfig"; path = "Target Support Files/Pods-RecyclingStarter/Pods-RecyclingStarter.release.xcconfig"; sourceTree = "<group>"; };
		BA0AF89C24DEEC9800F27395 /* Debounce.swift */ = {isa = PBXFileReference; lastKnownFileType = sourcecode.swift; path = Debounce.swift; sourceTree = "<group>"; };
		BA0AF89E24DF6A0900F27395 /* EmployeeServices.swift */ = {isa = PBXFileReference; lastKnownFileType = sourcecode.swift; path = EmployeeServices.swift; sourceTree = "<group>"; };
		BA0AF8A024DF6ACE00F27395 /* Box.swift */ = {isa = PBXFileReference; lastKnownFileType = sourcecode.swift; path = Box.swift; sourceTree = "<group>"; };
		BAB8F1B524D21B2E00F6E5B7 /* AppImage.swift */ = {isa = PBXFileReference; lastKnownFileType = sourcecode.swift; path = AppImage.swift; sourceTree = "<group>"; };
		BAB8F1B724D22E8400F6E5B7 /* UITextFeild.swift */ = {isa = PBXFileReference; lastKnownFileType = sourcecode.swift; path = UITextFeild.swift; sourceTree = "<group>"; };
		BAB8F1B924D3607500F6E5B7 /* Router.swift */ = {isa = PBXFileReference; lastKnownFileType = sourcecode.swift; path = Router.swift; sourceTree = "<group>"; };
		BAB8F1CB24D3638E00F6E5B7 /* CoreDataManager.swift */ = {isa = PBXFileReference; lastKnownFileType = sourcecode.swift; path = CoreDataManager.swift; sourceTree = "<group>"; };
		BAB8F1D024D36B8200F6E5B7 /* LocalStorageServices.swift */ = {isa = PBXFileReference; lastKnownFileType = sourcecode.swift; path = LocalStorageServices.swift; sourceTree = "<group>"; };
		BAB8F1D224D370FF00F6E5B7 /* User.swift */ = {isa = PBXFileReference; lastKnownFileType = sourcecode.swift; path = User.swift; sourceTree = "<group>"; };
		BAB8F1D424D37BC000F6E5B7 /* UserInfo+CoreDataClass.swift */ = {isa = PBXFileReference; lastKnownFileType = sourcecode.swift; path = "UserInfo+CoreDataClass.swift"; sourceTree = "<group>"; };
		BAB8F1D524D37BC000F6E5B7 /* UserInfo+CoreDataProperties.swift */ = {isa = PBXFileReference; lastKnownFileType = sourcecode.swift; path = "UserInfo+CoreDataProperties.swift"; sourceTree = "<group>"; };
		BAB8F1D824D38A1B00F6E5B7 /* LoadScreenViewController.swift */ = {isa = PBXFileReference; lastKnownFileType = sourcecode.swift; path = LoadScreenViewController.swift; sourceTree = "<group>"; };
		BAC05C2124CCB40900EBB2AE /* RecyclingStarter.app */ = {isa = PBXFileReference; explicitFileType = wrapper.application; includeInIndex = 0; path = RecyclingStarter.app; sourceTree = BUILT_PRODUCTS_DIR; };
		BAC05C2424CCB40900EBB2AE /* AppDelegate.swift */ = {isa = PBXFileReference; lastKnownFileType = sourcecode.swift; path = AppDelegate.swift; sourceTree = "<group>"; };
		BAC05C2624CCB40900EBB2AE /* SceneDelegate.swift */ = {isa = PBXFileReference; lastKnownFileType = sourcecode.swift; path = SceneDelegate.swift; sourceTree = "<group>"; };
		BAC05C2E24CCB40900EBB2AE /* RecyclingStarter.xcdatamodel */ = {isa = PBXFileReference; lastKnownFileType = wrapper.xcdatamodel; path = RecyclingStarter.xcdatamodel; sourceTree = "<group>"; };
		BAC05C3024CCB40B00EBB2AE /* Assets.xcassets */ = {isa = PBXFileReference; lastKnownFileType = folder.assetcatalog; path = Assets.xcassets; sourceTree = "<group>"; };
		BAC05C3324CCB40B00EBB2AE /* Base */ = {isa = PBXFileReference; lastKnownFileType = file.storyboard; name = Base; path = Base.lproj/LaunchScreen.storyboard; sourceTree = "<group>"; };
		BAC05C3524CCB40B00EBB2AE /* Info.plist */ = {isa = PBXFileReference; lastKnownFileType = text.plist.xml; path = Info.plist; sourceTree = "<group>"; };
		BAC05C3D24CCB47A00EBB2AE /* Exo2-SemiBold.ttf */ = {isa = PBXFileReference; lastKnownFileType = file; path = "Exo2-SemiBold.ttf"; sourceTree = "<group>"; };
		BAC05C3E24CCB47A00EBB2AE /* Exo2-Bold.ttf */ = {isa = PBXFileReference; lastKnownFileType = file; path = "Exo2-Bold.ttf"; sourceTree = "<group>"; };
		BAC05C3F24CCB47A00EBB2AE /* Exo2-Regular.ttf */ = {isa = PBXFileReference; lastKnownFileType = file; path = "Exo2-Regular.ttf"; sourceTree = "<group>"; };
		BAC05C4024CCB47A00EBB2AE /* Exo2-Medium.ttf */ = {isa = PBXFileReference; lastKnownFileType = file; path = "Exo2-Medium.ttf"; sourceTree = "<group>"; };
		BAC05C5124CCB9B800EBB2AE /* AppFont.swift */ = {isa = PBXFileReference; fileEncoding = 4; lastKnownFileType = sourcecode.swift; path = AppFont.swift; sourceTree = "<group>"; };
		BAC05C5324CCB9F000EBB2AE /* CoreAssemby.swift */ = {isa = PBXFileReference; fileEncoding = 4; lastKnownFileType = sourcecode.swift; path = CoreAssemby.swift; sourceTree = "<group>"; };
		BAC05C5724CCBA1F00EBB2AE /* ViewAssembly.swift */ = {isa = PBXFileReference; fileEncoding = 4; lastKnownFileType = sourcecode.swift; path = ViewAssembly.swift; sourceTree = "<group>"; };
		BAC05C5A24CCBA5A00EBB2AE /* UIUnderlinedTextField.swift */ = {isa = PBXFileReference; fileEncoding = 4; lastKnownFileType = sourcecode.swift; path = UIUnderlinedTextField.swift; sourceTree = "<group>"; };
		BAC05C5C24CCBA6F00EBB2AE /* RegisterViewController.swift */ = {isa = PBXFileReference; fileEncoding = 4; lastKnownFileType = sourcecode.swift; path = RegisterViewController.swift; sourceTree = "<group>"; };
		BAC05C5E24CCBA7A00EBB2AE /* ServiceAssembly.swift */ = {isa = PBXFileReference; fileEncoding = 4; lastKnownFileType = sourcecode.swift; path = ServiceAssembly.swift; sourceTree = "<group>"; };
		BAC05C6024CCBD2300EBB2AE /* AuthViewController.swift */ = {isa = PBXFileReference; lastKnownFileType = sourcecode.swift; path = AuthViewController.swift; sourceTree = "<group>"; };
		BAC05C6224CCBD9200EBB2AE /* AppColor.swift */ = {isa = PBXFileReference; fileEncoding = 4; lastKnownFileType = sourcecode.swift; path = AppColor.swift; sourceTree = "<group>"; };
		BAC05C6624CCE3DB00EBB2AE /* NetworkService.swift */ = {isa = PBXFileReference; lastKnownFileType = sourcecode.swift; path = NetworkService.swift; sourceTree = "<group>"; };
		BAC05C6824CCE62C00EBB2AE /* AuthServices.swift */ = {isa = PBXFileReference; lastKnownFileType = sourcecode.swift; path = AuthServices.swift; sourceTree = "<group>"; };
		BAC05C6C24CE2C5400EBB2AE /* EmployeeViewController.swift */ = {isa = PBXFileReference; lastKnownFileType = sourcecode.swift; path = EmployeeViewController.swift; sourceTree = "<group>"; };
		BADB018824E36D54004AC43E /* UILabelExtension.swift */ = {isa = PBXFileReference; lastKnownFileType = sourcecode.swift; path = UILabelExtension.swift; sourceTree = "<group>"; };
		BADB018C24E6C5EB004AC43E /* AccountService.swift */ = {isa = PBXFileReference; lastKnownFileType = sourcecode.swift; path = AccountService.swift; sourceTree = "<group>"; };
		BADB018E24E6C614004AC43E /* AccoutnProtocol.swift */ = {isa = PBXFileReference; lastKnownFileType = sourcecode.swift; path = AccoutnProtocol.swift; sourceTree = "<group>"; };
		BADB019024E6C646004AC43E /* BoxInteractionServices.swift */ = {isa = PBXFileReference; lastKnownFileType = sourcecode.swift; path = BoxInteractionServices.swift; sourceTree = "<group>"; };
		BADB019224E6C653004AC43E /* BoxInteractionProtocol.swift */ = {isa = PBXFileReference; lastKnownFileType = sourcecode.swift; path = BoxInteractionProtocol.swift; sourceTree = "<group>"; };
		BAF260D524D78A1C001FF381 /* UIWindowExtension.swift */ = {isa = PBXFileReference; lastKnownFileType = sourcecode.swift; path = UIWindowExtension.swift; sourceTree = "<group>"; };
/* End PBXFileReference section */

/* Begin PBXFrameworksBuildPhase section */
		BAC05C1E24CCB40900EBB2AE /* Frameworks */ = {
			isa = PBXFrameworksBuildPhase;
			buildActionMask = 2147483647;
			files = (
				3C16FAE7A97216CA081D80CB /* libPods-RecyclingStarter.a in Frameworks */,
			);
			runOnlyForDeploymentPostprocessing = 0;
		};
/* End PBXFrameworksBuildPhase section */

/* Begin PBXGroup section */
		1DB5F7388D6E1FE06A641760 /* Frameworks */ = {
			isa = PBXGroup;
			children = (
				4BD78D78AD35C9A839181205 /* libPods-RecyclingStarter.a */,
			);
			name = Frameworks;
			sourceTree = "<group>";
		};
		BA0AF89B24DEEC1200F27395 /* EmployeeServices */ = {
			isa = PBXGroup;
			children = (
				BA0AF89E24DF6A0900F27395 /* EmployeeServices.swift */,
			);
			path = EmployeeServices;
			sourceTree = "<group>";
		};
		BA5E817E25153ED9000D0B3A /* Views */ = {
			isa = PBXGroup;
			children = (
			);
			path = Views;
			sourceTree = "<group>";
		};
		BAB8F1CF24D36B5D00F6E5B7 /* LocalStorageServices */ = {
			isa = PBXGroup;
			children = (
				BAB8F1D024D36B8200F6E5B7 /* LocalStorageServices.swift */,
			);
			path = LocalStorageServices;
			sourceTree = "<group>";
		};
		BAC05C1824CCB40900EBB2AE = {
			isa = PBXGroup;
			children = (
				BAC05C2324CCB40900EBB2AE /* RecyclingStarter */,
				BAC05C2224CCB40900EBB2AE /* Products */,
				C3566D6349C645393A2723BC /* Pods */,
				1DB5F7388D6E1FE06A641760 /* Frameworks */,
			);
			sourceTree = "<group>";
		};
		BAC05C2224CCB40900EBB2AE /* Products */ = {
			isa = PBXGroup;
			children = (
				BAC05C2124CCB40900EBB2AE /* RecyclingStarter.app */,
			);
			name = Products;
			sourceTree = "<group>";
		};
		BAC05C2324CCB40900EBB2AE /* RecyclingStarter */ = {
			isa = PBXGroup;
			children = (
				BAC05C4824CCB54700EBB2AE /* Application */,
				BAC05C4524CCB52D00EBB2AE /* View */,
				BAC05C4724CCB53F00EBB2AE /* Services */,
				BAC05C4624CCB53900EBB2AE /* Core */,
				BAC05C3B24CCB43100EBB2AE /* Resources */,
				BAC05C4924CCB56600EBB2AE /* Supporting */,
			);
			path = RecyclingStarter;
			sourceTree = "<group>";
		};
		BAC05C3B24CCB43100EBB2AE /* Resources */ = {
			isa = PBXGroup;
			children = (
				BAC05C3024CCB40B00EBB2AE /* Assets.xcassets */,
				BAC05C3C24CCB45300EBB2AE /* Fonts */,
			);
			path = Resources;
			sourceTree = "<group>";
		};
		BAC05C3C24CCB45300EBB2AE /* Fonts */ = {
			isa = PBXGroup;
			children = (
				BAC05C3E24CCB47A00EBB2AE /* Exo2-Bold.ttf */,
				BAC05C4024CCB47A00EBB2AE /* Exo2-Medium.ttf */,
				BAC05C3F24CCB47A00EBB2AE /* Exo2-Regular.ttf */,
				BAC05C3D24CCB47A00EBB2AE /* Exo2-SemiBold.ttf */,
			);
			path = Fonts;
			sourceTree = "<group>";
		};
		BAC05C4524CCB52D00EBB2AE /* View */ = {
			isa = PBXGroup;
			children = (
				BAC05C5724CCBA1F00EBB2AE /* ViewAssembly.swift */,
				BAC05C5924CCBA2D00EBB2AE /* Extensions */,
				BAC05C6B24CE2C3A00EBB2AE /* EmployeeViewController */,
				BAC05C4E24CCB94900EBB2AE /* AuthViewController */,
				BAC05C4D24CCB93600EBB2AE /* RegistrationViewController */,
				BAB8F1D824D38A1B00F6E5B7 /* LoadScreenViewController.swift */,
			);
			path = View;
			sourceTree = "<group>";
		};
		BAC05C4624CCB53900EBB2AE /* Core */ = {
			isa = PBXGroup;
			children = (
				BAC05C6A24CE2ACD00EBB2AE /* LocationData */,
				BAC05C6424CCE34C00EBB2AE /* Network */,
				BAC05C5324CCB9F000EBB2AE /* CoreAssemby.swift */,
			);
			path = Core;
			sourceTree = "<group>";
		};
		BAC05C4724CCB53F00EBB2AE /* Services */ = {
			isa = PBXGroup;
			children = (
				BADB018B24E6C5CB004AC43E /* BoxInteractionServices */,
				BADB018A24E6C590004AC43E /* AccoutnServices */,
				BA0AF89B24DEEC1200F27395 /* EmployeeServices */,
				BAB8F1CF24D36B5D00F6E5B7 /* LocalStorageServices */,
				BAC05C6524CCE35B00EBB2AE /* AuthServices */,
				BAC05C5E24CCBA7A00EBB2AE /* ServiceAssembly.swift */,
			);
			path = Services;
			sourceTree = "<group>";
		};
		BAC05C4824CCB54700EBB2AE /* Application */ = {
			isa = PBXGroup;
			children = (
				BAC05C2424CCB40900EBB2AE /* AppDelegate.swift */,
				BAC05C2624CCB40900EBB2AE /* SceneDelegate.swift */,
				BAC05C6224CCBD9200EBB2AE /* AppColor.swift */,
				BAC05C5124CCB9B800EBB2AE /* AppFont.swift */,
				BAB8F1B524D21B2E00F6E5B7 /* AppImage.swift */,
				BAB8F1B924D3607500F6E5B7 /* Router.swift */,
				BAB8F1D224D370FF00F6E5B7 /* User.swift */,
				BA0AF8A024DF6ACE00F27395 /* Box.swift */,
			);
			path = Application;
			sourceTree = "<group>";
		};
		BAC05C4924CCB56600EBB2AE /* Supporting */ = {
			isa = PBXGroup;
			children = (
				BAC05C3224CCB40B00EBB2AE /* LaunchScreen.storyboard */,
				BAC05C3524CCB40B00EBB2AE /* Info.plist */,
				BAC05C2D24CCB40900EBB2AE /* RecyclingStarter.xcdatamodeld */,
			);
			path = Supporting;
			sourceTree = "<group>";
		};
		BAC05C4D24CCB93600EBB2AE /* RegistrationViewController */ = {
			isa = PBXGroup;
			children = (
				BAC05C5C24CCBA6F00EBB2AE /* RegisterViewController.swift */,
			);
			path = RegistrationViewController;
			sourceTree = "<group>";
		};
		BAC05C4E24CCB94900EBB2AE /* AuthViewController */ = {
			isa = PBXGroup;
			children = (
				BA5E817E25153ED9000D0B3A /* Views */,
				BAC05C6024CCBD2300EBB2AE /* AuthViewController.swift */,
			);
			path = AuthViewController;
			sourceTree = "<group>";
		};
		BAC05C5924CCBA2D00EBB2AE /* Extensions */ = {
			isa = PBXGroup;
			children = (
				BAC05C5A24CCBA5A00EBB2AE /* UIUnderlinedTextField.swift */,
				BAB8F1B724D22E8400F6E5B7 /* UITextFeild.swift */,
				BAF260D524D78A1C001FF381 /* UIWindowExtension.swift */,
				BADB018824E36D54004AC43E /* UILabelExtension.swift */,
			);
			path = Extensions;
			sourceTree = "<group>";
		};
		BAC05C6424CCE34C00EBB2AE /* Network */ = {
			isa = PBXGroup;
			children = (
				BAC05C6624CCE3DB00EBB2AE /* NetworkService.swift */,
				BA0AF89C24DEEC9800F27395 /* Debounce.swift */,
			);
			path = Network;
			sourceTree = "<group>";
		};
		BAC05C6524CCE35B00EBB2AE /* AuthServices */ = {
			isa = PBXGroup;
			children = (
				BAC05C6824CCE62C00EBB2AE /* AuthServices.swift */,
			);
			path = AuthServices;
			sourceTree = "<group>";
		};
		BAC05C6A24CE2ACD00EBB2AE /* LocationData */ = {
			isa = PBXGroup;
			children = (
				BAB8F1D424D37BC000F6E5B7 /* UserInfo+CoreDataClass.swift */,
				BAB8F1D524D37BC000F6E5B7 /* UserInfo+CoreDataProperties.swift */,
				BAB8F1CB24D3638E00F6E5B7 /* CoreDataManager.swift */,
			);
			path = LocationData;
			sourceTree = "<group>";
		};
		BAC05C6B24CE2C3A00EBB2AE /* EmployeeViewController */ = {
			isa = PBXGroup;
			children = (
				BAC05C6C24CE2C5400EBB2AE /* EmployeeViewController.swift */,
			);
			path = EmployeeViewController;
			sourceTree = "<group>";
		};
		BADB018A24E6C590004AC43E /* AccoutnServices */ = {
			isa = PBXGroup;
			children = (
				BADB018C24E6C5EB004AC43E /* AccountService.swift */,
				BADB018E24E6C614004AC43E /* AccoutnProtocol.swift */,
			);
			path = AccoutnServices;
			sourceTree = "<group>";
		};
		BADB018B24E6C5CB004AC43E /* BoxInteractionServices */ = {
			isa = PBXGroup;
			children = (
				BADB019024E6C646004AC43E /* BoxInteractionServices.swift */,
				BADB019224E6C653004AC43E /* BoxInteractionProtocol.swift */,
			);
			path = BoxInteractionServices;
			sourceTree = "<group>";
		};
		C3566D6349C645393A2723BC /* Pods */ = {
			isa = PBXGroup;
			children = (
				09DF9F4128CF454E31BC103E /* Pods-RecyclingStarter.debug.xcconfig */,
				7664693B75F2AB51684A7557 /* Pods-RecyclingStarter.release.xcconfig */,
			);
			path = Pods;
			sourceTree = "<group>";
		};
/* End PBXGroup section */

/* Begin PBXNativeTarget section */
		BAC05C2024CCB40900EBB2AE /* RecyclingStarter */ = {
			isa = PBXNativeTarget;
			buildConfigurationList = BAC05C3824CCB40B00EBB2AE /* Build configuration list for PBXNativeTarget "RecyclingStarter" */;
			buildPhases = (
				50B88001EC12E3E97D7C13FA /* [CP] Check Pods Manifest.lock */,
				BAC05C1D24CCB40900EBB2AE /* Sources */,
				BAC05C1E24CCB40900EBB2AE /* Frameworks */,
				BAC05C1F24CCB40900EBB2AE /* Resources */,
			);
			buildRules = (
			);
			dependencies = (
			);
			name = RecyclingStarter;
			productName = RecyclingStarter;
			productReference = BAC05C2124CCB40900EBB2AE /* RecyclingStarter.app */;
			productType = "com.apple.product-type.application";
		};
/* End PBXNativeTarget section */

/* Begin PBXProject section */
		BAC05C1924CCB40900EBB2AE /* Project object */ = {
			isa = PBXProject;
			attributes = {
				LastSwiftUpdateCheck = 1160;
				LastUpgradeCheck = 1160;
				ORGANIZATIONNAME = "Borisov Matvei";
				TargetAttributes = {
					BAC05C2024CCB40900EBB2AE = {
						CreatedOnToolsVersion = 11.6;
					};
				};
			};
			buildConfigurationList = BAC05C1C24CCB40900EBB2AE /* Build configuration list for PBXProject "RecyclingStarter" */;
			compatibilityVersion = "Xcode 9.3";
			developmentRegion = en;
			hasScannedForEncodings = 0;
			knownRegions = (
				en,
				Base,
			);
			mainGroup = BAC05C1824CCB40900EBB2AE;
			productRefGroup = BAC05C2224CCB40900EBB2AE /* Products */;
			projectDirPath = "";
			projectRoot = "";
			targets = (
				BAC05C2024CCB40900EBB2AE /* RecyclingStarter */,
			);
		};
/* End PBXProject section */

/* Begin PBXResourcesBuildPhase section */
		BAC05C1F24CCB40900EBB2AE /* Resources */ = {
			isa = PBXResourcesBuildPhase;
			buildActionMask = 2147483647;
			files = (
				BAC05C3424CCB40B00EBB2AE /* LaunchScreen.storyboard in Resources */,
				BAC05C3124CCB40B00EBB2AE /* Assets.xcassets in Resources */,
				BAC05C4124CCB47A00EBB2AE /* Exo2-SemiBold.ttf in Resources */,
				BAC05C4224CCB47A00EBB2AE /* Exo2-Bold.ttf in Resources */,
				BAC05C4424CCB47A00EBB2AE /* Exo2-Medium.ttf in Resources */,
				BAC05C4324CCB47A00EBB2AE /* Exo2-Regular.ttf in Resources */,
			);
			runOnlyForDeploymentPostprocessing = 0;
		};
/* End PBXResourcesBuildPhase section */

/* Begin PBXShellScriptBuildPhase section */
		50B88001EC12E3E97D7C13FA /* [CP] Check Pods Manifest.lock */ = {
			isa = PBXShellScriptBuildPhase;
			buildActionMask = 2147483647;
			files = (
			);
			inputFileListPaths = (
			);
			inputPaths = (
				"${PODS_PODFILE_DIR_PATH}/Podfile.lock",
				"${PODS_ROOT}/Manifest.lock",
			);
			name = "[CP] Check Pods Manifest.lock";
			outputFileListPaths = (
			);
			outputPaths = (
				"$(DERIVED_FILE_DIR)/Pods-RecyclingStarter-checkManifestLockResult.txt",
			);
			runOnlyForDeploymentPostprocessing = 0;
			shellPath = /bin/sh;
			shellScript = "diff \"${PODS_PODFILE_DIR_PATH}/Podfile.lock\" \"${PODS_ROOT}/Manifest.lock\" > /dev/null\nif [ $? != 0 ] ; then\n    # print error to STDERR\n    echo \"error: The sandbox is not in sync with the Podfile.lock. Run 'pod install' or update your CocoaPods installation.\" >&2\n    exit 1\nfi\n# This output is used by Xcode 'outputs' to avoid re-running this script phase.\necho \"SUCCESS\" > \"${SCRIPT_OUTPUT_FILE_0}\"\n";
			showEnvVarsInLog = 0;
		};
/* End PBXShellScriptBuildPhase section */

/* Begin PBXSourcesBuildPhase section */
		BAC05C1D24CCB40900EBB2AE /* Sources */ = {
			isa = PBXSourcesBuildPhase;
			buildActionMask = 2147483647;
			files = (
				BA0AF8A124DF6ACE00F27395 /* Box.swift in Sources */,
				BAC05C6124CCBD2300EBB2AE /* AuthViewController.swift in Sources */,
				BAB8F1D924D38A1B00F6E5B7 /* LoadScreenViewController.swift in Sources */,
				BAC05C5D24CCBA6F00EBB2AE /* RegisterViewController.swift in Sources */,
				BADB018924E36D54004AC43E /* UILabelExtension.swift in Sources */,
				BAC05C2524CCB40900EBB2AE /* AppDelegate.swift in Sources */,
				BAB8F1D124D36B8200F6E5B7 /* LocalStorageServices.swift in Sources */,
				BADB019324E6C653004AC43E /* BoxInteractionProtocol.swift in Sources */,
				BAB8F1B824D22E8400F6E5B7 /* UITextFeild.swift in Sources */,
				BAC05C5224CCB9B800EBB2AE /* AppFont.swift in Sources */,
				BADB019124E6C646004AC43E /* BoxInteractionServices.swift in Sources */,
				BAC05C6D24CE2C5400EBB2AE /* EmployeeViewController.swift in Sources */,
				BADB018D24E6C5EB004AC43E /* AccountService.swift in Sources */,
				BAC05C5424CCB9F000EBB2AE /* CoreAssemby.swift in Sources */,
				BAC05C5F24CCBA7A00EBB2AE /* ServiceAssembly.swift in Sources */,
				BAC05C2F24CCB40900EBB2AE /* RecyclingStarter.xcdatamodeld in Sources */,
				BA0AF89F24DF6A0900F27395 /* EmployeeServices.swift in Sources */,
				BADB018F24E6C614004AC43E /* AccoutnProtocol.swift in Sources */,
				BAB8F1D324D370FF00F6E5B7 /* User.swift in Sources */,
				BAC05C5824CCBA1F00EBB2AE /* ViewAssembly.swift in Sources */,
				BAB8F1BA24D3607500F6E5B7 /* Router.swift in Sources */,
				BAC05C2724CCB40900EBB2AE /* SceneDelegate.swift in Sources */,
				BAB8F1D724D37BC000F6E5B7 /* UserInfo+CoreDataProperties.swift in Sources */,
				BAC05C6324CCBD9200EBB2AE /* AppColor.swift in Sources */,
				BAC05C6924CCE62C00EBB2AE /* AuthServices.swift in Sources */,
				BAC05C6724CCE3DB00EBB2AE /* NetworkService.swift in Sources */,
				BA0AF89D24DEEC9800F27395 /* Debounce.swift in Sources */,
				BAB8F1D624D37BC000F6E5B7 /* UserInfo+CoreDataClass.swift in Sources */,
				BAC05C5B24CCBA5A00EBB2AE /* UIUnderlinedTextField.swift in Sources */,
				BAF260D624D78A1C001FF381 /* UIWindowExtension.swift in Sources */,
				BAB8F1CC24D3638E00F6E5B7 /* CoreDataManager.swift in Sources */,
				BAB8F1B624D21B2E00F6E5B7 /* AppImage.swift in Sources */,
			);
			runOnlyForDeploymentPostprocessing = 0;
		};
/* End PBXSourcesBuildPhase section */

/* Begin PBXVariantGroup section */
		BAC05C3224CCB40B00EBB2AE /* LaunchScreen.storyboard */ = {
			isa = PBXVariantGroup;
			children = (
				BAC05C3324CCB40B00EBB2AE /* Base */,
			);
			name = LaunchScreen.storyboard;
			path = ..;
			sourceTree = "<group>";
		};
/* End PBXVariantGroup section */

/* Begin XCBuildConfiguration section */
		BAC05C3624CCB40B00EBB2AE /* Debug */ = {
			isa = XCBuildConfiguration;
			buildSettings = {
				ALWAYS_SEARCH_USER_PATHS = NO;
				CLANG_ANALYZER_NONNULL = YES;
				CLANG_ANALYZER_NUMBER_OBJECT_CONVERSION = YES_AGGRESSIVE;
				CLANG_CXX_LANGUAGE_STANDARD = "gnu++14";
				CLANG_CXX_LIBRARY = "libc++";
				CLANG_ENABLE_MODULES = YES;
				CLANG_ENABLE_OBJC_ARC = YES;
				CLANG_ENABLE_OBJC_WEAK = YES;
				CLANG_WARN_BLOCK_CAPTURE_AUTORELEASING = YES;
				CLANG_WARN_BOOL_CONVERSION = YES;
				CLANG_WARN_COMMA = YES;
				CLANG_WARN_CONSTANT_CONVERSION = YES;
				CLANG_WARN_DEPRECATED_OBJC_IMPLEMENTATIONS = YES;
				CLANG_WARN_DIRECT_OBJC_ISA_USAGE = YES_ERROR;
				CLANG_WARN_DOCUMENTATION_COMMENTS = YES;
				CLANG_WARN_EMPTY_BODY = YES;
				CLANG_WARN_ENUM_CONVERSION = YES;
				CLANG_WARN_INFINITE_RECURSION = YES;
				CLANG_WARN_INT_CONVERSION = YES;
				CLANG_WARN_NON_LITERAL_NULL_CONVERSION = YES;
				CLANG_WARN_OBJC_IMPLICIT_RETAIN_SELF = YES;
				CLANG_WARN_OBJC_LITERAL_CONVERSION = YES;
				CLANG_WARN_OBJC_ROOT_CLASS = YES_ERROR;
				CLANG_WARN_RANGE_LOOP_ANALYSIS = YES;
				CLANG_WARN_STRICT_PROTOTYPES = YES;
				CLANG_WARN_SUSPICIOUS_MOVE = YES;
				CLANG_WARN_UNGUARDED_AVAILABILITY = YES_AGGRESSIVE;
				CLANG_WARN_UNREACHABLE_CODE = YES;
				CLANG_WARN__DUPLICATE_METHOD_MATCH = YES;
				COPY_PHASE_STRIP = NO;
				DEBUG_INFORMATION_FORMAT = dwarf;
				ENABLE_STRICT_OBJC_MSGSEND = YES;
				ENABLE_TESTABILITY = YES;
				GCC_C_LANGUAGE_STANDARD = gnu11;
				GCC_DYNAMIC_NO_PIC = NO;
				GCC_NO_COMMON_BLOCKS = YES;
				GCC_OPTIMIZATION_LEVEL = 0;
				GCC_PREPROCESSOR_DEFINITIONS = (
					"DEBUG=1",
					"$(inherited)",
				);
				GCC_WARN_64_TO_32_BIT_CONVERSION = YES;
				GCC_WARN_ABOUT_RETURN_TYPE = YES_ERROR;
				GCC_WARN_UNDECLARED_SELECTOR = YES;
				GCC_WARN_UNINITIALIZED_AUTOS = YES_AGGRESSIVE;
				GCC_WARN_UNUSED_FUNCTION = YES;
				GCC_WARN_UNUSED_VARIABLE = YES;
				IPHONEOS_DEPLOYMENT_TARGET = 11.0;
				MTL_ENABLE_DEBUG_INFO = INCLUDE_SOURCE;
				MTL_FAST_MATH = YES;
				ONLY_ACTIVE_ARCH = YES;
				SDKROOT = iphoneos;
				SWIFT_ACTIVE_COMPILATION_CONDITIONS = DEBUG;
				SWIFT_OPTIMIZATION_LEVEL = "-Onone";
			};
			name = Debug;
		};
		BAC05C3724CCB40B00EBB2AE /* Release */ = {
			isa = XCBuildConfiguration;
			buildSettings = {
				ALWAYS_SEARCH_USER_PATHS = NO;
				CLANG_ANALYZER_NONNULL = YES;
				CLANG_ANALYZER_NUMBER_OBJECT_CONVERSION = YES_AGGRESSIVE;
				CLANG_CXX_LANGUAGE_STANDARD = "gnu++14";
				CLANG_CXX_LIBRARY = "libc++";
				CLANG_ENABLE_MODULES = YES;
				CLANG_ENABLE_OBJC_ARC = YES;
				CLANG_ENABLE_OBJC_WEAK = YES;
				CLANG_WARN_BLOCK_CAPTURE_AUTORELEASING = YES;
				CLANG_WARN_BOOL_CONVERSION = YES;
				CLANG_WARN_COMMA = YES;
				CLANG_WARN_CONSTANT_CONVERSION = YES;
				CLANG_WARN_DEPRECATED_OBJC_IMPLEMENTATIONS = YES;
				CLANG_WARN_DIRECT_OBJC_ISA_USAGE = YES_ERROR;
				CLANG_WARN_DOCUMENTATION_COMMENTS = YES;
				CLANG_WARN_EMPTY_BODY = YES;
				CLANG_WARN_ENUM_CONVERSION = YES;
				CLANG_WARN_INFINITE_RECURSION = YES;
				CLANG_WARN_INT_CONVERSION = YES;
				CLANG_WARN_NON_LITERAL_NULL_CONVERSION = YES;
				CLANG_WARN_OBJC_IMPLICIT_RETAIN_SELF = YES;
				CLANG_WARN_OBJC_LITERAL_CONVERSION = YES;
				CLANG_WARN_OBJC_ROOT_CLASS = YES_ERROR;
				CLANG_WARN_RANGE_LOOP_ANALYSIS = YES;
				CLANG_WARN_STRICT_PROTOTYPES = YES;
				CLANG_WARN_SUSPICIOUS_MOVE = YES;
				CLANG_WARN_UNGUARDED_AVAILABILITY = YES_AGGRESSIVE;
				CLANG_WARN_UNREACHABLE_CODE = YES;
				CLANG_WARN__DUPLICATE_METHOD_MATCH = YES;
				COPY_PHASE_STRIP = NO;
				DEBUG_INFORMATION_FORMAT = "dwarf-with-dsym";
				ENABLE_NS_ASSERTIONS = NO;
				ENABLE_STRICT_OBJC_MSGSEND = YES;
				GCC_C_LANGUAGE_STANDARD = gnu11;
				GCC_NO_COMMON_BLOCKS = YES;
				GCC_WARN_64_TO_32_BIT_CONVERSION = YES;
				GCC_WARN_ABOUT_RETURN_TYPE = YES_ERROR;
				GCC_WARN_UNDECLARED_SELECTOR = YES;
				GCC_WARN_UNINITIALIZED_AUTOS = YES_AGGRESSIVE;
				GCC_WARN_UNUSED_FUNCTION = YES;
				GCC_WARN_UNUSED_VARIABLE = YES;
				IPHONEOS_DEPLOYMENT_TARGET = 11.0;
				MTL_ENABLE_DEBUG_INFO = NO;
				MTL_FAST_MATH = YES;
				SDKROOT = iphoneos;
				SWIFT_COMPILATION_MODE = wholemodule;
				SWIFT_OPTIMIZATION_LEVEL = "-O";
				VALIDATE_PRODUCT = YES;
			};
			name = Release;
		};
		BAC05C3924CCB40B00EBB2AE /* Debug */ = {
			isa = XCBuildConfiguration;
			baseConfigurationReference = 09DF9F4128CF454E31BC103E /* Pods-RecyclingStarter.debug.xcconfig */;
			buildSettings = {
				ASSETCATALOG_COMPILER_APPICON_NAME = AppIcon;
				CODE_SIGN_STYLE = Automatic;
				DEVELOPMENT_TEAM = 9N36M22CA6;
				INFOPLIST_FILE = RecyclingStarter/Supporting/Info.plist;
				IPHONEOS_DEPLOYMENT_TARGET = 11.0;
				LD_RUNPATH_SEARCH_PATHS = (
					"$(inherited)",
					"@executable_path/Frameworks",
				);
				PRODUCT_BUNDLE_IDENTIFIER = borisov.Matvey.RecyclingStarter;
				PRODUCT_NAME = "$(TARGET_NAME)";
				SWIFT_VERSION = 5.0;
				TARGETED_DEVICE_FAMILY = 1;
			};
			name = Debug;
		};
		BAC05C3A24CCB40B00EBB2AE /* Release */ = {
			isa = XCBuildConfiguration;
			baseConfigurationReference = 7664693B75F2AB51684A7557 /* Pods-RecyclingStarter.release.xcconfig */;
			buildSettings = {
				ASSETCATALOG_COMPILER_APPICON_NAME = AppIcon;
				CODE_SIGN_STYLE = Automatic;
				DEVELOPMENT_TEAM = 9N36M22CA6;
				INFOPLIST_FILE = RecyclingStarter/Supporting/Info.plist;
				IPHONEOS_DEPLOYMENT_TARGET = 11.0;
				LD_RUNPATH_SEARCH_PATHS = (
					"$(inherited)",
					"@executable_path/Frameworks",
				);
				PRODUCT_BUNDLE_IDENTIFIER = borisov.Matvey.RecyclingStarter;
				PRODUCT_NAME = "$(TARGET_NAME)";
				SWIFT_VERSION = 5.0;
				TARGETED_DEVICE_FAMILY = 1;
			};
			name = Release;
		};
/* End XCBuildConfiguration section */

/* Begin XCConfigurationList section */
		BAC05C1C24CCB40900EBB2AE /* Build configuration list for PBXProject "RecyclingStarter" */ = {
			isa = XCConfigurationList;
			buildConfigurations = (
				BAC05C3624CCB40B00EBB2AE /* Debug */,
				BAC05C3724CCB40B00EBB2AE /* Release */,
			);
			defaultConfigurationIsVisible = 0;
			defaultConfigurationName = Release;
		};
		BAC05C3824CCB40B00EBB2AE /* Build configuration list for PBXNativeTarget "RecyclingStarter" */ = {
			isa = XCConfigurationList;
			buildConfigurations = (
				BAC05C3924CCB40B00EBB2AE /* Debug */,
				BAC05C3A24CCB40B00EBB2AE /* Release */,
			);
			defaultConfigurationIsVisible = 0;
			defaultConfigurationName = Release;
		};
/* End XCConfigurationList section */

/* Begin XCVersionGroup section */
		BAC05C2D24CCB40900EBB2AE /* RecyclingStarter.xcdatamodeld */ = {
			isa = XCVersionGroup;
			children = (
				BAC05C2E24CCB40900EBB2AE /* RecyclingStarter.xcdatamodel */,
			);
			currentVersion = BAC05C2E24CCB40900EBB2AE /* RecyclingStarter.xcdatamodel */;
			path = RecyclingStarter.xcdatamodeld;
			sourceTree = "<group>";
			usesTabs = 0;
			versionGroupType = wrapper.xcdatamodel;
		};
/* End XCVersionGroup section */
	};
	rootObject = BAC05C1924CCB40900EBB2AE /* Project object */;
}
